
Microsoft Visual Studio Solution File, Format Version 12.00
# Visual Studio 15
VisualStudioVersion = 15.0.27004.2006
MinimumVisualStudioVersion = 10.0.40219.1
Project("{9A19103F-16F7-4668-BE54-9A1E7A4F7556}") = "TCGCF.API", "TCGCF.API\TCGCF.API.csproj", "{085DCA11-D838-4D88-8FF6-0B548DB5A366}"
EndProject
Global
	GlobalSection(SolutionConfigurationPlatforms) = preSolution
		Debug|Any CPU = Debug|Any CPU
		Release|Any CPU = Release|Any CPU
	EndGlobalSection
	GlobalSection(ProjectConfigurationPlatforms) = postSolution
		{085DCA11-D838-4D88-8FF6-0B548DB5A366}.Debug|Any CPU.ActiveCfg = Debug|Any CPU
		{085DCA11-D838-4D88-8FF6-0B548DB5A366}.Debug|Any CPU.Build.0 = Debug|Any CPU
		{085DCA11-D838-4D88-8FF6-0B548DB5A366}.Release|Any CPU.ActiveCfg = Release|Any CPU
		{085DCA11-D838-4D88-8FF6-0B548DB5A366}.Release|Any CPU.Build.0 = Release|Any CPU
	EndGlobalSection
	GlobalSection(SolutionProperties) = preSolution
		HideSolutionNode = FALSE
	EndGlobalSection
	GlobalSection(ExtensibilityGlobals) = postSolution
		SolutionGuid = {C753880E-6D51-4EAC-80B4-8F9F5E0B52DF}
	EndGlobalSection
	GlobalSection(TeamFoundationVersionControl) = preSolution
		SccNumberOfProjects = 2
		SccEnterpriseProvider = {4CA58AB2-18FA-4F8D-95D4-32DDF27D184C}
		SccTeamFoundationServer = https://kujanto.visualstudio.com/
		SccProjectUniqueName0 = TCGCF.API\\TCGCF.API.csproj
		SccProjectName0 = TCGCF.API
		SccLocalPath0 = TCGCF.API
		SccLocalPath1 = .
	EndGlobalSection
EndGlobal
